<?xml version="1.0" encoding="utf-8"?>
<Project ToolsVersion="4.0" xmlns="http://schemas.microsoft.com/developer/msbuild/2003">
  <ItemGroup>
    <Filter Include="File di origine">
      <UniqueIdentifier>{4FC737F1-C7A5-4376-A066-2A32D752A2FF}</UniqueIdentifier>
      <Extensions>cpp;c;cc;cxx;def;odl;idl;hpj;bat;asm;asmx</Extensions>
    </Filter>
    <Filter Include="File di intestazione">
      <UniqueIdentifier>{93995380-89BD-4b04-88EB-625FBE52EBFB}</UniqueIdentifier>
      <Extensions>h;hh;hpp;hxx;hm;inl;inc;ipp;xsd</Extensions>
    </Filter>
    <Filter Include="File di risorse">
      <UniqueIdentifier>{67DA6AB6-F800-4c08-8B7A-83BB121AAD01}</UniqueIdentifier>
      <Extensions>rc;ico;cur;bmp;dlg;rc2;rct;bin;rgs;gif;jpg;jpeg;jpe;resx;tiff;tif;png;wav;mfcribbon-ms</Extensions>
    </Filter>
    <Filter Include="File di intestazione\Objects">
      <UniqueIdentifier>{1b652540-e2bb-4ec6-b324-d3b8f130d63c}</UniqueIdentifier>
    </Filter>
    <Filter Include="File di origine\Objects">
      <UniqueIdentifier>{757b3e03-f151-4d85-94b9-0510f9edc2ec}</UniqueIdentifier>
    </Filter>
    <Filter Include="File di intestazione\Objects\Properties">
      <UniqueIdentifier>{86527672-c75b-4b4f-b4c6-d31c39b44409}</UniqueIdentifier>
    </Filter>
    <Filter Include="File di origine\Objects\Properties">
      <UniqueIdentifier>{2667e4ca-3575-470f-aa1f-09acd3203588}</UniqueIdentifier>
    </Filter>
  </ItemGroup>
  <ItemGroup>
    <None Include="packages.config" />
    <None Include="lab2.pdf" />
  </ItemGroup>
  <ItemGroup>
    <ClCompile Include="Main.cpp">
      <Filter>File di origine</Filter>
    </ClCompile>
    <ClCompile Include="Game.cpp">
      <Filter>File di origine</Filter>
    </ClCompile>
    <ClCompile Include="Command.cpp">
      <Filter>File di origine</Filter>
    </ClCompile>
    <ClCompile Include="GameLogic.cpp">
      <Filter>File di origine</Filter>
    </ClCompile>
    <ClCompile Include="TestGameLogic.cpp">
      <Filter>File di origine</Filter>
    </ClCompile>
    <ClCompile Include="Triangle.cpp">
      <Filter>File di origine\Objects</Filter>
    </ClCompile>
    <ClCompile Include="Rectangle.cpp">
      <Filter>File di origine\Objects</Filter>
    </ClCompile>
    <ClCompile Include="BaseObject.cpp">
      <Filter>File di origine\Objects</Filter>
    </ClCompile>
    <ClCompile Include="Sphere.cpp">
      <Filter>File di origine</Filter>
    </ClCompile>
    <ClCompile Include="utils.cpp">
      <Filter>File di origine</Filter>
    </ClCompile>
    <ClCompile Include="Sun.cpp">
      <Filter>File di origine</Filter>
    </ClCompile>
    <ClCompile Include="Colorable.cpp">
      <Filter>File di origine\Objects\Properties</Filter>
    </ClCompile>
    <ClCompile Include="Bucket.cpp">
      <Filter>File di origine</Filter>
    </ClCompile>
  </ItemGroup>
  <ItemGroup>
    <ClInclude Include="Game.h">
      <Filter>File di intestazione</Filter>
    </ClInclude>
    <ClInclude Include="Command.h">
      <Filter>File di intestazione</Filter>
    </ClInclude>
    <ClInclude Include="GameLogic.h">
      <Filter>File di intestazione</Filter>
    </ClInclude>
    <ClInclude Include="TestGameLogic.h">
      <Filter>File di intestazione</Filter>
    </ClInclude>
    <ClInclude Include="BaseObject.h">
      <Filter>File di intestazione\Objects</Filter>
    </ClInclude>
    <ClInclude Include="Triangle.h">
      <Filter>File di intestazione\Objects</Filter>
    </ClInclude>
    <ClInclude Include="Rectangle.h">
      <Filter>File di intestazione\Objects</Filter>
    </ClInclude>
    <ClInclude Include="Sphere.h">
      <Filter>File di intestazione</Filter>
    </ClInclude>
    <ClInclude Include="utils.h">
      <Filter>File di intestazione</Filter>
    </ClInclude>
    <ClInclude Include="Sun.h">
      <Filter>File di intestazione</Filter>
    </ClInclude>
    <ClInclude Include="Colorable.h">
      <Filter>File di intestazione</Filter>
    </ClInclude>
    <ClInclude Include="Bucket.h">
      <Filter>File di intestazione</Filter>
    </ClInclude>
  </ItemGroup>
</Project>