<?xml version="1.0" encoding="utf-8"?>
<Project ToolsVersion="4.0" xmlns="http://schemas.microsoft.com/developer/msbuild/2003">
  <ItemGroup>
    <Filter Include="File di origine">
      <UniqueIdentifier>{4FC737F1-C7A5-4376-A066-2A32D752A2FF}</UniqueIdentifier>
      <Extensions>cpp;c;cc;cxx;def;odl;idl;hpj;bat;asm;asmx</Extensions>
    </Filter>
    <Filter Include="File di intestazione">
      <UniqueIdentifier>{93995380-89BD-4b04-88EB-625FBE52EBFB}</UniqueIdentifier>
      <Extensions>h;hh;hpp;hxx;hm;inl;inc;ipp;xsd</Extensions>
    </Filter>
    <Filter Include="File di intestazione\objects">
      <UniqueIdentifier>{16d28ac7-505d-494f-b9db-954fca58a874}</UniqueIdentifier>
    </Filter>
    <Filter Include="File di origine\objects">
      <UniqueIdentifier>{183efb69-11d8-41ce-a4d0-300f1d03ed22}</UniqueIdentifier>
    </Filter>
  </ItemGroup>
  <ItemGroup>
    <None Include="packages.config" />
    <None Include="lab2.pdf" />
  </ItemGroup>
  <ItemGroup>
    <ClCompile Include="src\GameManager.cpp">
      <Filter>File di origine</Filter>
    </ClCompile>
    <ClCompile Include="src\Main.cpp">
      <Filter>File di origine</Filter>
    </ClCompile>
    <ClCompile Include="src\utils.cpp">
      <Filter>File di origine</Filter>
    </ClCompile>
    <ClCompile Include="src\BaseObject.cpp">
      <Filter>File di origine\objects</Filter>
    </ClCompile>
    <ClCompile Include="src\Bucket.cpp">
      <Filter>File di origine\objects</Filter>
    </ClCompile>
    <ClCompile Include="src\Colorable.cpp">
      <Filter>File di origine\objects</Filter>
    </ClCompile>
    <ClCompile Include="src\Rectangle.cpp">
      <Filter>File di origine\objects</Filter>
    </ClCompile>
    <ClCompile Include="src\Sphere.cpp">
      <Filter>File di origine\objects</Filter>
    </ClCompile>
    <ClCompile Include="src\Sun.cpp">
      <Filter>File di origine\objects</Filter>
    </ClCompile>
    <ClCompile Include="src\Triangle.cpp">
      <Filter>File di origine\objects</Filter>
    </ClCompile>
    <ClCompile Include="src\SmoothTransition.cpp">
      <Filter>File di origine\objects</Filter>
    </ClCompile>
    <ClCompile Include="src\Movable.cpp">
      <Filter>File di origine\objects</Filter>
    </ClCompile>
    <ClCompile Include="src\Water.cpp">
      <Filter>File di origine\objects</Filter>
    </ClCompile>
    <ClCompile Include="src\BoundingBox.cpp">
      <Filter>File di origine\objects</Filter>
    </ClCompile>
    <ClCompile Include="include\WorldUpdateListener.cpp">
      <Filter>File di origine</Filter>
    </ClCompile>
    <ClCompile Include="include\Fireworks.cpp">
      <Filter>File di origine\objects</Filter>
    </ClCompile>
  </ItemGroup>
  <ItemGroup>
    <ClInclude Include="include\GameManager.h">
      <Filter>File di intestazione</Filter>
    </ClInclude>
    <ClInclude Include="include\utils.h">
      <Filter>File di intestazione</Filter>
    </ClInclude>
    <ClInclude Include="include\BaseObject.h">
      <Filter>File di intestazione\objects</Filter>
    </ClInclude>
    <ClInclude Include="include\Bucket.h">
      <Filter>File di intestazione\objects</Filter>
    </ClInclude>
    <ClInclude Include="include\Colorable.h">
      <Filter>File di intestazione\objects</Filter>
    </ClInclude>
    <ClInclude Include="include\Rectangle.h">
      <Filter>File di intestazione\objects</Filter>
    </ClInclude>
    <ClInclude Include="include\Sphere.h">
      <Filter>File di intestazione\objects</Filter>
    </ClInclude>
    <ClInclude Include="include\Sun.h">
      <Filter>File di intestazione\objects</Filter>
    </ClInclude>
    <ClInclude Include="include\Triangle.h">
      <Filter>File di intestazione\objects</Filter>
    </ClInclude>
    <ClInclude Include="include\random\random.hpp">
      <Filter>File di intestazione</Filter>
    </ClInclude>
    <ClInclude Include="include\Movable.h">
      <Filter>File di intestazione\objects</Filter>
    </ClInclude>
    <ClInclude Include="include\SmoothTransition.h">
      <Filter>File di intestazione\objects</Filter>
    </ClInclude>
    <ClInclude Include="include\Water.h">
      <Filter>File di intestazione\objects</Filter>
    </ClInclude>
    <ClInclude Include="include\BoundingBox.h">
      <Filter>File di intestazione\objects</Filter>
    </ClInclude>
    <ClInclude Include="include\Fireworks.h">
      <Filter>File di intestazione\objects</Filter>
    </ClInclude>
    <ClInclude Include="include\WorldUpdateListener.h">
      <Filter>File di intestazione\objects</Filter>
    </ClInclude>
    <ClInclude Include="include\Callback.h">
      <Filter>File di intestazione\objects</Filter>
    </ClInclude>
  </ItemGroup>
</Project>